
Microsoft Visual Studio Solution File, Format Version 12.00
# Visual Studio Version 17
VisualStudioVersion = 17.5.002.0
MinimumVisualStudioVersion = 10.0.40219.1
Project("{2150E333-8FDC-42A3-9474-1A3956D46DE8}") = "backend-app", "backend-app", "{16E89740-B5E1-435E-8E45-03A636FF5973}"
EndProject
Project("{9A19103F-16F7-4668-BE54-9A1E7A4F7556}") = "webapp.API", "backend-app\webapp.API\webapp.API.csproj", "{07E884CE-7AFA-443B-ACC8-B2E99302C2F4}"
EndProject
Global
	GlobalSection(SolutionConfigurationPlatforms) = preSolution
		Debug|Any CPU = Debug|Any CPU
		Release|Any CPU = Release|Any CPU
	EndGlobalSection
	GlobalSection(ProjectConfigurationPlatforms) = postSolution
		{07E884CE-7AFA-443B-ACC8-B2E99302C2F4}.Debug|Any CPU.ActiveCfg = Debug|Any CPU
		{07E884CE-7AFA-443B-ACC8-B2E99302C2F4}.Debug|Any CPU.Build.0 = Debug|Any CPU
		{07E884CE-7AFA-443B-ACC8-B2E99302C2F4}.Release|Any CPU.ActiveCfg = Release|Any CPU
		{07E884CE-7AFA-443B-ACC8-B2E99302C2F4}.Release|Any CPU.Build.0 = Release|Any CPU
	EndGlobalSection
	GlobalSection(SolutionProperties) = preSolution
		HideSolutionNode = FALSE
	EndGlobalSection
	GlobalSection(NestedProjects) = preSolution
		{07E884CE-7AFA-443B-ACC8-B2E99302C2F4} = {16E89740-B5E1-435E-8E45-03A636FF5973}
	EndGlobalSection
	GlobalSection(ExtensibilityGlobals) = postSolution
		SolutionGuid = {84E2FDFB-E68D-4645-BAAC-F032B9795A53}
	EndGlobalSection
EndGlobal
